
Microsoft Visual Studio Solution File, Format Version 12.00
# Visual Studio Version 16
VisualStudioVersion = 16.0.31729.503
MinimumVisualStudioVersion = 10.0.40219.1
Project("{FAE04EC0-301F-11D3-BF4B-00C04F79EFBC}") = "WebApplication1", "WebApplication1.csproj", "{B6F70CB0-F23E-4603-B764-A41BE0D93C39}"
EndProject
Global
	GlobalSection(SolutionConfigurationPlatforms) = preSolution
		Debug|Any CPU = Debug|Any CPU
		Release|Any CPU = Release|Any CPU
	EndGlobalSection
	GlobalSection(ProjectConfigurationPlatforms) = postSolution
		{B6F70CB0-F23E-4603-B764-A41BE0D93C39}.Debug|Any CPU.ActiveCfg = Debug|Any CPU
		{B6F70CB0-F23E-4603-B764-A41BE0D93C39}.Debug|Any CPU.Build.0 = Debug|Any CPU
		{B6F70CB0-F23E-4603-B764-A41BE0D93C39}.Release|Any CPU.ActiveCfg = Release|Any CPU
		{B6F70CB0-F23E-4603-B764-A41BE0D93C39}.Release|Any CPU.Build.0 = Release|Any CPU
	EndGlobalSection
	GlobalSection(SolutionProperties) = preSolution
		HideSolutionNode = FALSE
	EndGlobalSection
	GlobalSection(ExtensibilityGlobals) = postSolution
		SolutionGuid = {35E4E372-0E50-444D-81E4-77C1AD9A9CE5}
	EndGlobalSection
EndGlobal
